
Microsoft Visual Studio Solution File, Format Version 12.00
# Visual Studio Version 16
VisualStudioVersion = 16.0.31025.218
MinimumVisualStudioVersion = 10.0.40219.1
Project("{FAE04EC0-301F-11D3-BF4B-00C04F79EFBC}") = "ScreenShotChanger", "ScreenShotChanger\ScreenShotChanger.csproj", "{A084FB6D-C433-45DB-B7DD-2DCE74138286}"
EndProject
Global
	GlobalSection(SolutionConfigurationPlatforms) = preSolution
		Debug|Any CPU = Debug|Any CPU
		Release|Any CPU = Release|Any CPU
	EndGlobalSection
	GlobalSection(ProjectConfigurationPlatforms) = postSolution
		{A084FB6D-C433-45DB-B7DD-2DCE74138286}.Debug|Any CPU.ActiveCfg = Debug|Any CPU
		{A084FB6D-C433-45DB-B7DD-2DCE74138286}.Debug|Any CPU.Build.0 = Debug|Any CPU
		{A084FB6D-C433-45DB-B7DD-2DCE74138286}.Release|Any CPU.ActiveCfg = Release|Any CPU
		{A084FB6D-C433-45DB-B7DD-2DCE74138286}.Release|Any CPU.Build.0 = Release|Any CPU
	EndGlobalSection
	GlobalSection(SolutionProperties) = preSolution
		HideSolutionNode = FALSE
	EndGlobalSection
	GlobalSection(ExtensibilityGlobals) = postSolution
		SolutionGuid = {FEF69692-6325-40DE-8C7E-D6913795D521}
	EndGlobalSection
EndGlobal
